
Microsoft Visual Studio Solution File, Format Version 12.00
# Visual Studio Version 17
VisualStudioVersion = 17.4.33205.214
MinimumVisualStudioVersion = 10.0.40219.1
Project("{FAE04EC0-301F-11D3-BF4B-00C04F79EFBC}") = "Project_2", "Project_2\Project_2.csproj", "{A6DC5BCC-ADFC-4740-90FE-0EE2BF8491E8}"
EndProject
Project("{FAE04EC0-301F-11D3-BF4B-00C04F79EFBC}") = "Project_2.Test", "Project_2.Test\Project_2.Test.csproj", "{D0CD9A60-1842-46B9-B71A-448DC310FEAB}"
EndProject
Global
	GlobalSection(SolutionConfigurationPlatforms) = preSolution
		Debug|Any CPU = Debug|Any CPU
		Release|Any CPU = Release|Any CPU
	EndGlobalSection
	GlobalSection(ProjectConfigurationPlatforms) = postSolution
		{A6DC5BCC-ADFC-4740-90FE-0EE2BF8491E8}.Debug|Any CPU.ActiveCfg = Debug|Any CPU
		{A6DC5BCC-ADFC-4740-90FE-0EE2BF8491E8}.Debug|Any CPU.Build.0 = Debug|Any CPU
		{A6DC5BCC-ADFC-4740-90FE-0EE2BF8491E8}.Release|Any CPU.ActiveCfg = Release|Any CPU
		{A6DC5BCC-ADFC-4740-90FE-0EE2BF8491E8}.Release|Any CPU.Build.0 = Release|Any CPU
		{D0CD9A60-1842-46B9-B71A-448DC310FEAB}.Debug|Any CPU.ActiveCfg = Debug|Any CPU
		{D0CD9A60-1842-46B9-B71A-448DC310FEAB}.Debug|Any CPU.Build.0 = Debug|Any CPU
		{D0CD9A60-1842-46B9-B71A-448DC310FEAB}.Release|Any CPU.ActiveCfg = Release|Any CPU
		{D0CD9A60-1842-46B9-B71A-448DC310FEAB}.Release|Any CPU.Build.0 = Release|Any CPU
	EndGlobalSection
	GlobalSection(SolutionProperties) = preSolution
		HideSolutionNode = FALSE
	EndGlobalSection
	GlobalSection(ExtensibilityGlobals) = postSolution
		SolutionGuid = {99AEAEB1-4160-49B4-BBC2-7B7F261A7325}
	EndGlobalSection
EndGlobal
